
Microsoft Visual Studio Solution File, Format Version 12.00
# Visual Studio Version 16
VisualStudioVersion = 16.0.30717.126
MinimumVisualStudioVersion = 10.0.40219.1
Project("{9A19103F-16F7-4668-BE54-9A1E7A4F7556}") = "BlogAPI", "BlogAPI\BlogAPI.csproj", "{A25B813C-23F5-46D2-AD9F-F8EC4CB25DA7}"
EndProject
Project("{FAE04EC0-301F-11D3-BF4B-00C04F79EFBC}") = "TeamX.Security.AuthServer", "TeamX.Security.AuthServer\TeamX.Security.AuthServer.csproj", "{4A4565E8-3FFA-4387-8885-A3F9EF05A70F}"
EndProject
Global
	GlobalSection(SolutionConfigurationPlatforms) = preSolution
		Debug|Any CPU = Debug|Any CPU
		Release|Any CPU = Release|Any CPU
	EndGlobalSection
	GlobalSection(ProjectConfigurationPlatforms) = postSolution
		{A25B813C-23F5-46D2-AD9F-F8EC4CB25DA7}.Debug|Any CPU.ActiveCfg = Debug|Any CPU
		{A25B813C-23F5-46D2-AD9F-F8EC4CB25DA7}.Debug|Any CPU.Build.0 = Debug|Any CPU
		{A25B813C-23F5-46D2-AD9F-F8EC4CB25DA7}.Release|Any CPU.ActiveCfg = Release|Any CPU
		{A25B813C-23F5-46D2-AD9F-F8EC4CB25DA7}.Release|Any CPU.Build.0 = Release|Any CPU
		{4A4565E8-3FFA-4387-8885-A3F9EF05A70F}.Debug|Any CPU.ActiveCfg = Debug|Any CPU
		{4A4565E8-3FFA-4387-8885-A3F9EF05A70F}.Debug|Any CPU.Build.0 = Debug|Any CPU
		{4A4565E8-3FFA-4387-8885-A3F9EF05A70F}.Release|Any CPU.ActiveCfg = Release|Any CPU
		{4A4565E8-3FFA-4387-8885-A3F9EF05A70F}.Release|Any CPU.Build.0 = Release|Any CPU
	EndGlobalSection
	GlobalSection(SolutionProperties) = preSolution
		HideSolutionNode = FALSE
	EndGlobalSection
	GlobalSection(ExtensibilityGlobals) = postSolution
		SolutionGuid = {721643C1-0AB0-4204-9324-59E099CDDEC0}
	EndGlobalSection
EndGlobal
